
Microsoft Visual Studio Solution File, Format Version 12.00
# Visual Studio Version 16
VisualStudioVersion = 16.0.33801.447
MinimumVisualStudioVersion = 10.0.40219.1
Project("{FAE04EC0-301F-11D3-BF4B-00C04F79EFBC}") = "winbook_cfuller", "winbook_cfuller.csproj", "{04C6B12A-3592-4981-A664-3A028B959FE3}"
EndProject
Global
	GlobalSection(SolutionConfigurationPlatforms) = preSolution
		Debug|Any CPU = Debug|Any CPU
		Release|Any CPU = Release|Any CPU
	EndGlobalSection
	GlobalSection(ProjectConfigurationPlatforms) = postSolution
		{04C6B12A-3592-4981-A664-3A028B959FE3}.Debug|Any CPU.ActiveCfg = Debug|Any CPU
		{04C6B12A-3592-4981-A664-3A028B959FE3}.Debug|Any CPU.Build.0 = Debug|Any CPU
		{04C6B12A-3592-4981-A664-3A028B959FE3}.Release|Any CPU.ActiveCfg = Release|Any CPU
		{04C6B12A-3592-4981-A664-3A028B959FE3}.Release|Any CPU.Build.0 = Release|Any CPU
	EndGlobalSection
	GlobalSection(SolutionProperties) = preSolution
		HideSolutionNode = FALSE
	EndGlobalSection
	GlobalSection(ExtensibilityGlobals) = postSolution
		SolutionGuid = {0D6CAA87-87AC-41B1-ACBD-73CDE299EDA4}
	EndGlobalSection
EndGlobal
